<?xml version="1.0" encoding="utf-8"?>
<Project ToolsVersion="4.0" xmlns="http://schemas.microsoft.com/developer/msbuild/2003">
  <ItemGroup>
    <Filter Include="include">
      <UniqueIdentifier>{89AF369E-F58E-B539-FEA6-40106A051C9B}</UniqueIdentifier>
    </Filter>
    <Filter Include="include\SFML">
      <UniqueIdentifier>{4A04D069-3667-5F0E-DFEC-97C4CB2E2B91}</UniqueIdentifier>
    </Filter>
    <Filter Include="include\SFML\Audio">
      <UniqueIdentifier>{CB219521-B705-5677-2066-50CA0C6940F9}</UniqueIdentifier>
    </Filter>
    <Filter Include="include\SFML\Graphics">
      <UniqueIdentifier>{CA3F16E4-36AC-D1DE-FF9F-693C6BCBF346}</UniqueIdentifier>
    </Filter>
    <Filter Include="include\SFML\Network">
      <UniqueIdentifier>{C390F09F-AF1F-7A69-583E-8E6444AC8A0F}</UniqueIdentifier>
    </Filter>
    <Filter Include="include\SFML\System">
      <UniqueIdentifier>{1E00877E-8A61-648C-13CF-AA3E7F2F9B4B}</UniqueIdentifier>
    </Filter>
    <Filter Include="include\SFML\Window">
      <UniqueIdentifier>{F119B786-5D7B-9494-E6E8-DA465249CB53}</UniqueIdentifier>
    </Filter>
    <Filter Include="src">
      <UniqueIdentifier>{2DAB880B-99B4-887C-2230-9F7C8E38947C}</UniqueIdentifier>
    </Filter>
  </ItemGroup>
  <ItemGroup>
    <ClInclude Include="include\SFML\Audio.hpp">
      <Filter>include\SFML</Filter>
    </ClInclude>
    <ClInclude Include="include\SFML\Audio\AlResource.hpp">
      <Filter>include\SFML\Audio</Filter>
    </ClInclude>
    <ClInclude Include="include\SFML\Audio\Export.hpp">
      <Filter>include\SFML\Audio</Filter>
    </ClInclude>
    <ClInclude Include="include\SFML\Audio\InputSoundFile.hpp">
      <Filter>include\SFML\Audio</Filter>
    </ClInclude>
    <ClInclude Include="include\SFML\Audio\Listener.hpp">
      <Filter>include\SFML\Audio</Filter>
    </ClInclude>
    <ClInclude Include="include\SFML\Audio\Music.hpp">
      <Filter>include\SFML\Audio</Filter>
    </ClInclude>
    <ClInclude Include="include\SFML\Audio\OutputSoundFile.hpp">
      <Filter>include\SFML\Audio</Filter>
    </ClInclude>
    <ClInclude Include="include\SFML\Audio\Sound.hpp">
      <Filter>include\SFML\Audio</Filter>
    </ClInclude>
    <ClInclude Include="include\SFML\Audio\SoundBuffer.hpp">
      <Filter>include\SFML\Audio</Filter>
    </ClInclude>
    <ClInclude Include="include\SFML\Audio\SoundBufferRecorder.hpp">
      <Filter>include\SFML\Audio</Filter>
    </ClInclude>
    <ClInclude Include="include\SFML\Audio\SoundFileFactory.hpp">
      <Filter>include\SFML\Audio</Filter>
    </ClInclude>
    <ClInclude Include="include\SFML\Audio\SoundFileReader.hpp">
      <Filter>include\SFML\Audio</Filter>
    </ClInclude>
    <ClInclude Include="include\SFML\Audio\SoundFileWriter.hpp">
      <Filter>include\SFML\Audio</Filter>
    </ClInclude>
    <ClInclude Include="include\SFML\Audio\SoundRecorder.hpp">
      <Filter>include\SFML\Audio</Filter>
    </ClInclude>
    <ClInclude Include="include\SFML\Audio\SoundSource.hpp">
      <Filter>include\SFML\Audio</Filter>
    </ClInclude>
    <ClInclude Include="include\SFML\Audio\SoundStream.hpp">
      <Filter>include\SFML\Audio</Filter>
    </ClInclude>
    <ClInclude Include="include\SFML\Config.hpp">
      <Filter>include\SFML</Filter>
    </ClInclude>
    <ClInclude Include="include\SFML\GpuPreference.hpp">
      <Filter>include\SFML</Filter>
    </ClInclude>
    <ClInclude Include="include\SFML\Graphics.hpp">
      <Filter>include\SFML</Filter>
    </ClInclude>
    <ClInclude Include="include\SFML\Graphics\BlendMode.hpp">
      <Filter>include\SFML\Graphics</Filter>
    </ClInclude>
    <ClInclude Include="include\SFML\Graphics\CircleShape.hpp">
      <Filter>include\SFML\Graphics</Filter>
    </ClInclude>
    <ClInclude Include="include\SFML\Graphics\Color.hpp">
      <Filter>include\SFML\Graphics</Filter>
    </ClInclude>
    <ClInclude Include="include\SFML\Graphics\ConvexShape.hpp">
      <Filter>include\SFML\Graphics</Filter>
    </ClInclude>
    <ClInclude Include="include\SFML\Graphics\Drawable.hpp">
      <Filter>include\SFML\Graphics</Filter>
    </ClInclude>
    <ClInclude Include="include\SFML\Graphics\Export.hpp">
      <Filter>include\SFML\Graphics</Filter>
    </ClInclude>
    <ClInclude Include="include\SFML\Graphics\Font.hpp">
      <Filter>include\SFML\Graphics</Filter>
    </ClInclude>
    <ClInclude Include="include\SFML\Graphics\Glsl.hpp">
      <Filter>include\SFML\Graphics</Filter>
    </ClInclude>
    <ClInclude Include="include\SFML\Graphics\Glyph.hpp">
      <Filter>include\SFML\Graphics</Filter>
    </ClInclude>
    <ClInclude Include="include\SFML\Graphics\Image.hpp">
      <Filter>include\SFML\Graphics</Filter>
    </ClInclude>
    <ClInclude Include="include\SFML\Graphics\PrimitiveType.hpp">
      <Filter>include\SFML\Graphics</Filter>
    </ClInclude>
    <ClInclude Include="include\SFML\Graphics\Rect.hpp">
      <Filter>include\SFML\Graphics</Filter>
    </ClInclude>
    <ClInclude Include="include\SFML\Graphics\RectangleShape.hpp">
      <Filter>include\SFML\Graphics</Filter>
    </ClInclude>
    <ClInclude Include="include\SFML\Graphics\RenderStates.hpp">
      <Filter>include\SFML\Graphics</Filter>
    </ClInclude>
    <ClInclude Include="include\SFML\Graphics\RenderTarget.hpp">
      <Filter>include\SFML\Graphics</Filter>
    </ClInclude>
    <ClInclude Include="include\SFML\Graphics\RenderTexture.hpp">
      <Filter>include\SFML\Graphics</Filter>
    </ClInclude>
    <ClInclude Include="include\SFML\Graphics\RenderWindow.hpp">
      <Filter>include\SFML\Graphics</Filter>
    </ClInclude>
    <ClInclude Include="include\SFML\Graphics\Shader.hpp">
      <Filter>include\SFML\Graphics</Filter>
    </ClInclude>
    <ClInclude Include="include\SFML\Graphics\Shape.hpp">
      <Filter>include\SFML\Graphics</Filter>
    </ClInclude>
    <ClInclude Include="include\SFML\Graphics\Sprite.hpp">
      <Filter>include\SFML\Graphics</Filter>
    </ClInclude>
    <ClInclude Include="include\SFML\Graphics\Text.hpp">
      <Filter>include\SFML\Graphics</Filter>
    </ClInclude>
    <ClInclude Include="include\SFML\Graphics\Texture.hpp">
      <Filter>include\SFML\Graphics</Filter>
    </ClInclude>
    <ClInclude Include="include\SFML\Graphics\Transform.hpp">
      <Filter>include\SFML\Graphics</Filter>
    </ClInclude>
    <ClInclude Include="include\SFML\Graphics\Transformable.hpp">
      <Filter>include\SFML\Graphics</Filter>
    </ClInclude>
    <ClInclude Include="include\SFML\Graphics\Vertex.hpp">
      <Filter>include\SFML\Graphics</Filter>
    </ClInclude>
    <ClInclude Include="include\SFML\Graphics\VertexArray.hpp">
      <Filter>include\SFML\Graphics</Filter>
    </ClInclude>
    <ClInclude Include="include\SFML\Graphics\VertexBuffer.hpp">
      <Filter>include\SFML\Graphics</Filter>
    </ClInclude>
    <ClInclude Include="include\SFML\Graphics\View.hpp">
      <Filter>include\SFML\Graphics</Filter>
    </ClInclude>
    <ClInclude Include="include\SFML\Main.hpp">
      <Filter>include\SFML</Filter>
    </ClInclude>
    <ClInclude Include="include\SFML\Network.hpp">
      <Filter>include\SFML</Filter>
    </ClInclude>
    <ClInclude Include="include\SFML\Network\Export.hpp">
      <Filter>include\SFML\Network</Filter>
    </ClInclude>
    <ClInclude Include="include\SFML\Network\Ftp.hpp">
      <Filter>include\SFML\Network</Filter>
    </ClInclude>
    <ClInclude Include="include\SFML\Network\Http.hpp">
      <Filter>include\SFML\Network</Filter>
    </ClInclude>
    <ClInclude Include="include\SFML\Network\IpAddress.hpp">
      <Filter>include\SFML\Network</Filter>
    </ClInclude>
    <ClInclude Include="include\SFML\Network\Packet.hpp">
      <Filter>include\SFML\Network</Filter>
    </ClInclude>
    <ClInclude Include="include\SFML\Network\Socket.hpp">
      <Filter>include\SFML\Network</Filter>
    </ClInclude>
    <ClInclude Include="include\SFML\Network\SocketHandle.hpp">
      <Filter>include\SFML\Network</Filter>
    </ClInclude>
    <ClInclude Include="include\SFML\Network\SocketSelector.hpp">
      <Filter>include\SFML\Network</Filter>
    </ClInclude>
    <ClInclude Include="include\SFML\Network\TcpListener.hpp">
      <Filter>include\SFML\Network</Filter>
    </ClInclude>
    <ClInclude Include="include\SFML\Network\TcpSocket.hpp">
      <Filter>include\SFML\Network</Filter>
    </ClInclude>
    <ClInclude Include="include\SFML\Network\UdpSocket.hpp">
      <Filter>include\SFML\Network</Filter>
    </ClInclude>
    <ClInclude Include="include\SFML\OpenGL.hpp">
      <Filter>include\SFML</Filter>
    </ClInclude>
    <ClInclude Include="include\SFML\System.hpp">
      <Filter>include\SFML</Filter>
    </ClInclude>
    <ClInclude Include="include\SFML\System\Clock.hpp">
      <Filter>include\SFML\System</Filter>
    </ClInclude>
    <ClInclude Include="include\SFML\System\Err.hpp">
      <Filter>include\SFML\System</Filter>
    </ClInclude>
    <ClInclude Include="include\SFML\System\Export.hpp">
      <Filter>include\SFML\System</Filter>
    </ClInclude>
    <ClInclude Include="include\SFML\System\FileInputStream.hpp">
      <Filter>include\SFML\System</Filter>
    </ClInclude>
    <ClInclude Include="include\SFML\System\InputStream.hpp">
      <Filter>include\SFML\System</Filter>
    </ClInclude>
    <ClInclude Include="include\SFML\System\Lock.hpp">
      <Filter>include\SFML\System</Filter>
    </ClInclude>
    <ClInclude Include="include\SFML\System\MemoryInputStream.hpp">
      <Filter>include\SFML\System</Filter>
    </ClInclude>
    <ClInclude Include="include\SFML\System\Mutex.hpp">
      <Filter>include\SFML\System</Filter>
    </ClInclude>
    <ClInclude Include="include\SFML\System\NativeActivity.hpp">
      <Filter>include\SFML\System</Filter>
    </ClInclude>
    <ClInclude Include="include\SFML\System\NonCopyable.hpp">
      <Filter>include\SFML\System</Filter>
    </ClInclude>
    <ClInclude Include="include\SFML\System\Sleep.hpp">
      <Filter>include\SFML\System</Filter>
    </ClInclude>
    <ClInclude Include="include\SFML\System\String.hpp">
      <Filter>include\SFML\System</Filter>
    </ClInclude>
    <ClInclude Include="include\SFML\System\Thread.hpp">
      <Filter>include\SFML\System</Filter>
    </ClInclude>
    <ClInclude Include="include\SFML\System\ThreadLocal.hpp">
      <Filter>include\SFML\System</Filter>
    </ClInclude>
    <ClInclude Include="include\SFML\System\ThreadLocalPtr.hpp">
      <Filter>include\SFML\System</Filter>
    </ClInclude>
    <ClInclude Include="include\SFML\System\Time.hpp">
      <Filter>include\SFML\System</Filter>
    </ClInclude>
    <ClInclude Include="include\SFML\System\Utf.hpp">
      <Filter>include\SFML\System</Filter>
    </ClInclude>
    <ClInclude Include="include\SFML\System\Vector2.hpp">
      <Filter>include\SFML\System</Filter>
    </ClInclude>
    <ClInclude Include="include\SFML\System\Vector3.hpp">
      <Filter>include\SFML\System</Filter>
    </ClInclude>
    <ClInclude Include="include\SFML\Window.hpp">
      <Filter>include\SFML</Filter>
    </ClInclude>
    <ClInclude Include="include\SFML\Window\Clipboard.hpp">
      <Filter>include\SFML\Window</Filter>
    </ClInclude>
    <ClInclude Include="include\SFML\Window\Context.hpp">
      <Filter>include\SFML\Window</Filter>
    </ClInclude>
    <ClInclude Include="include\SFML\Window\ContextSettings.hpp">
      <Filter>include\SFML\Window</Filter>
    </ClInclude>
    <ClInclude Include="include\SFML\Window\Cursor.hpp">
      <Filter>include\SFML\Window</Filter>
    </ClInclude>
    <ClInclude Include="include\SFML\Window\Event.hpp">
      <Filter>include\SFML\Window</Filter>
    </ClInclude>
    <ClInclude Include="include\SFML\Window\Export.hpp">
      <Filter>include\SFML\Window</Filter>
    </ClInclude>
    <ClInclude Include="include\SFML\Window\GlResource.hpp">
      <Filter>include\SFML\Window</Filter>
    </ClInclude>
    <ClInclude Include="include\SFML\Window\Joystick.hpp">
      <Filter>include\SFML\Window</Filter>
    </ClInclude>
    <ClInclude Include="include\SFML\Window\Keyboard.hpp">
      <Filter>include\SFML\Window</Filter>
    </ClInclude>
    <ClInclude Include="include\SFML\Window\Mouse.hpp">
      <Filter>include\SFML\Window</Filter>
    </ClInclude>
    <ClInclude Include="include\SFML\Window\Sensor.hpp">
      <Filter>include\SFML\Window</Filter>
    </ClInclude>
    <ClInclude Include="include\SFML\Window\Touch.hpp">
      <Filter>include\SFML\Window</Filter>
    </ClInclude>
    <ClInclude Include="include\SFML\Window\VideoMode.hpp">
      <Filter>include\SFML\Window</Filter>
    </ClInclude>
    <ClInclude Include="include\SFML\Window\Window.hpp">
      <Filter>include\SFML\Window</Filter>
    </ClInclude>
    <ClInclude Include="include\SFML\Window\WindowHandle.hpp">
      <Filter>include\SFML\Window</Filter>
    </ClInclude>
    <ClInclude Include="include\SFML\Window\WindowStyle.hpp">
      <Filter>include\SFML\Window</Filter>
    </ClInclude>
  </ItemGroup>
  <ItemGroup>
    <ClCompile Include="src\Main.cpp">
      <Filter>src</Filter>
    </ClCompile>
  </ItemGroup>
</Project>